
Microsoft Visual Studio Solution File, Format Version 12.00
# Visual Studio 15
VisualStudioVersion = 15.0.27130.2020
MinimumVisualStudioVersion = 10.0.40219.1
Project("{FAE04EC0-301F-11D3-BF4B-00C04F79EFBC}") = "ReddeTT", "ReddeTT\ReddeTT\ReddeTT.csproj", "{44BE7802-AFDE-447E-947A-9F668419B74B}"
EndProject
Project("{9A19103F-16F7-4668-BE54-9A1E7A4F7556}") = "ReddeTT.Backend", "ReddeTT\ReddeTT.Backend\ReddeTT.Backend.csproj", "{A3DE2BEA-05E6-441C-9428-9EFE334D44B3}"
EndProject
Project("{FAE04EC0-301F-11D3-BF4B-00C04F79EFBC}") = "ReddeTT.Droid", "ReddeTT\ReddeTT.Droid\ReddeTT.Droid.csproj", "{CB4F4AFF-4115-44CF-B9F1-38203EC63907}"
EndProject
Project("{FAE04EC0-301F-11D3-BF4B-00C04F79EFBC}") = "ReddeTT.iOS", "ReddeTT\ReddeTT.iOS\ReddeTT.iOS.csproj", "{DE096F30-7C0E-4158-BCDE-34CD99DAA031}"
EndProject
Project("{FAE04EC0-301F-11D3-BF4B-00C04F79EFBC}") = "ReddeTT.UWP", "ReddeTT\ReddeTT.UWP\ReddeTT.UWP.csproj", "{14A0D8B2-1459-4D93-9039-641484F8D459}"
EndProject
Global
	GlobalSection(SolutionConfigurationPlatforms) = preSolution
		Ad-Hoc|Any CPU = Ad-Hoc|Any CPU
		Ad-Hoc|ARM = Ad-Hoc|ARM
		Ad-Hoc|iPhone = Ad-Hoc|iPhone
		Ad-Hoc|iPhoneSimulator = Ad-Hoc|iPhoneSimulator
		Ad-Hoc|x64 = Ad-Hoc|x64
		Ad-Hoc|x86 = Ad-Hoc|x86
		AppStore|Any CPU = AppStore|Any CPU
		AppStore|ARM = AppStore|ARM
		AppStore|iPhone = AppStore|iPhone
		AppStore|iPhoneSimulator = AppStore|iPhoneSimulator
		AppStore|x64 = AppStore|x64
		AppStore|x86 = AppStore|x86
		Debug|Any CPU = Debug|Any CPU
		Debug|ARM = Debug|ARM
		Debug|iPhone = Debug|iPhone
		Debug|iPhoneSimulator = Debug|iPhoneSimulator
		Debug|x64 = Debug|x64
		Debug|x86 = Debug|x86
		Release|Any CPU = Release|Any CPU
		Release|ARM = Release|ARM
		Release|iPhone = Release|iPhone
		Release|iPhoneSimulator = Release|iPhoneSimulator
		Release|x64 = Release|x64
		Release|x86 = Release|x86
	EndGlobalSection
	GlobalSection(ProjectConfigurationPlatforms) = postSolution
		{44BE7802-AFDE-447E-947A-9F668419B74B}.Ad-Hoc|Any CPU.ActiveCfg = Release|Any CPU
		{44BE7802-AFDE-447E-947A-9F668419B74B}.Ad-Hoc|Any CPU.Build.0 = Release|Any CPU
		{44BE7802-AFDE-447E-947A-9F668419B74B}.Ad-Hoc|ARM.ActiveCfg = Release|Any CPU
		{44BE7802-AFDE-447E-947A-9F668419B74B}.Ad-Hoc|ARM.Build.0 = Release|Any CPU
		{44BE7802-AFDE-447E-947A-9F668419B74B}.Ad-Hoc|iPhone.ActiveCfg = Release|Any CPU
		{44BE7802-AFDE-447E-947A-9F668419B74B}.Ad-Hoc|iPhone.Build.0 = Release|Any CPU
		{44BE7802-AFDE-447E-947A-9F668419B74B}.Ad-Hoc|iPhoneSimulator.ActiveCfg = Release|Any CPU
		{44BE7802-AFDE-447E-947A-9F668419B74B}.Ad-Hoc|iPhoneSimulator.Build.0 = Release|Any CPU
		{44BE7802-AFDE-447E-947A-9F668419B74B}.Ad-Hoc|x64.ActiveCfg = Release|Any CPU
		{44BE7802-AFDE-447E-947A-9F668419B74B}.Ad-Hoc|x64.Build.0 = Release|Any CPU
		{44BE7802-AFDE-447E-947A-9F668419B74B}.Ad-Hoc|x86.ActiveCfg = Release|Any CPU
		{44BE7802-AFDE-447E-947A-9F668419B74B}.Ad-Hoc|x86.Build.0 = Release|Any CPU
		{44BE7802-AFDE-447E-947A-9F668419B74B}.AppStore|Any CPU.ActiveCfg = Release|Any CPU
		{44BE7802-AFDE-447E-947A-9F668419B74B}.AppStore|Any CPU.Build.0 = Release|Any CPU
		{44BE7802-AFDE-447E-947A-9F668419B74B}.AppStore|ARM.ActiveCfg = Release|Any CPU
		{44BE7802-AFDE-447E-947A-9F668419B74B}.AppStore|ARM.Build.0 = Release|Any CPU
		{44BE7802-AFDE-447E-947A-9F668419B74B}.AppStore|iPhone.ActiveCfg = Release|Any CPU
		{44BE7802-AFDE-447E-947A-9F668419B74B}.AppStore|iPhone.Build.0 = Release|Any CPU
		{44BE7802-AFDE-447E-947A-9F668419B74B}.AppStore|iPhoneSimulator.ActiveCfg = Release|Any CPU
		{44BE7802-AFDE-447E-947A-9F668419B74B}.AppStore|iPhoneSimulator.Build.0 = Release|Any CPU
		{44BE7802-AFDE-447E-947A-9F668419B74B}.AppStore|x64.ActiveCfg = Release|Any CPU
		{44BE7802-AFDE-447E-947A-9F668419B74B}.AppStore|x64.Build.0 = Release|Any CPU
		{44BE7802-AFDE-447E-947A-9F668419B74B}.AppStore|x86.ActiveCfg = Release|Any CPU
		{44BE7802-AFDE-447E-947A-9F668419B74B}.AppStore|x86.Build.0 = Release|Any CPU
		{44BE7802-AFDE-447E-947A-9F668419B74B}.Debug|Any CPU.ActiveCfg = Debug|Any CPU
		{44BE7802-AFDE-447E-947A-9F668419B74B}.Debug|Any CPU.Build.0 = Debug|Any CPU
		{44BE7802-AFDE-447E-947A-9F668419B74B}.Debug|ARM.ActiveCfg = Debug|Any CPU
		{44BE7802-AFDE-447E-947A-9F668419B74B}.Debug|ARM.Build.0 = Debug|Any CPU
		{44BE7802-AFDE-447E-947A-9F668419B74B}.Debug|iPhone.ActiveCfg = Debug|Any CPU
		{44BE7802-AFDE-447E-947A-9F668419B74B}.Debug|iPhone.Build.0 = Debug|Any CPU
		{44BE7802-AFDE-447E-947A-9F668419B74B}.Debug|iPhoneSimulator.ActiveCfg = Debug|Any CPU
		{44BE7802-AFDE-447E-947A-9F668419B74B}.Debug|iPhoneSimulator.Build.0 = Debug|Any CPU
		{44BE7802-AFDE-447E-947A-9F668419B74B}.Debug|x64.ActiveCfg = Debug|Any CPU
		{44BE7802-AFDE-447E-947A-9F668419B74B}.Debug|x64.Build.0 = Debug|Any CPU
		{44BE7802-AFDE-447E-947A-9F668419B74B}.Debug|x86.ActiveCfg = Debug|Any CPU
		{44BE7802-AFDE-447E-947A-9F668419B74B}.Debug|x86.Build.0 = Debug|Any CPU
		{44BE7802-AFDE-447E-947A-9F668419B74B}.Release|Any CPU.ActiveCfg = Release|Any CPU
		{44BE7802-AFDE-447E-947A-9F668419B74B}.Release|Any CPU.Build.0 = Release|Any CPU
		{44BE7802-AFDE-447E-947A-9F668419B74B}.Release|ARM.ActiveCfg = Release|Any CPU
		{44BE7802-AFDE-447E-947A-9F668419B74B}.Release|ARM.Build.0 = Release|Any CPU
		{44BE7802-AFDE-447E-947A-9F668419B74B}.Release|iPhone.ActiveCfg = Release|Any CPU
		{44BE7802-AFDE-447E-947A-9F668419B74B}.Release|iPhone.Build.0 = Release|Any CPU
		{44BE7802-AFDE-447E-947A-9F668419B74B}.Release|iPhoneSimulator.ActiveCfg = Release|Any CPU
		{44BE7802-AFDE-447E-947A-9F668419B74B}.Release|iPhoneSimulator.Build.0 = Release|Any CPU
		{44BE7802-AFDE-447E-947A-9F668419B74B}.Release|x64.ActiveCfg = Release|Any CPU
		{44BE7802-AFDE-447E-947A-9F668419B74B}.Release|x64.Build.0 = Release|Any CPU
		{44BE7802-AFDE-447E-947A-9F668419B74B}.Release|x86.ActiveCfg = Release|Any CPU
		{44BE7802-AFDE-447E-947A-9F668419B74B}.Release|x86.Build.0 = Release|Any CPU
		{A3DE2BEA-05E6-441C-9428-9EFE334D44B3}.Ad-Hoc|Any CPU.ActiveCfg = Debug|Any CPU
		{A3DE2BEA-05E6-441C-9428-9EFE334D44B3}.Ad-Hoc|Any CPU.Build.0 = Debug|Any CPU
		{A3DE2BEA-05E6-441C-9428-9EFE334D44B3}.Ad-Hoc|ARM.ActiveCfg = Debug|Any CPU
		{A3DE2BEA-05E6-441C-9428-9EFE334D44B3}.Ad-Hoc|ARM.Build.0 = Debug|Any CPU
		{A3DE2BEA-05E6-441C-9428-9EFE334D44B3}.Ad-Hoc|iPhone.ActiveCfg = Debug|Any CPU
		{A3DE2BEA-05E6-441C-9428-9EFE334D44B3}.Ad-Hoc|iPhone.Build.0 = Debug|Any CPU
		{A3DE2BEA-05E6-441C-9428-9EFE334D44B3}.Ad-Hoc|iPhoneSimulator.ActiveCfg = Debug|Any CPU
		{A3DE2BEA-05E6-441C-9428-9EFE334D44B3}.Ad-Hoc|iPhoneSimulator.Build.0 = Debug|Any CPU
		{A3DE2BEA-05E6-441C-9428-9EFE334D44B3}.Ad-Hoc|x64.ActiveCfg = Debug|Any CPU
		{A3DE2BEA-05E6-441C-9428-9EFE334D44B3}.Ad-Hoc|x64.Build.0 = Debug|Any CPU
		{A3DE2BEA-05E6-441C-9428-9EFE334D44B3}.Ad-Hoc|x86.ActiveCfg = Debug|Any CPU
		{A3DE2BEA-05E6-441C-9428-9EFE334D44B3}.Ad-Hoc|x86.Build.0 = Debug|Any CPU
		{A3DE2BEA-05E6-441C-9428-9EFE334D44B3}.AppStore|Any CPU.ActiveCfg = Debug|Any CPU
		{A3DE2BEA-05E6-441C-9428-9EFE334D44B3}.AppStore|Any CPU.Build.0 = Debug|Any CPU
		{A3DE2BEA-05E6-441C-9428-9EFE334D44B3}.AppStore|ARM.ActiveCfg = Debug|Any CPU
		{A3DE2BEA-05E6-441C-9428-9EFE334D44B3}.AppStore|ARM.Build.0 = Debug|Any CPU
		{A3DE2BEA-05E6-441C-9428-9EFE334D44B3}.AppStore|iPhone.ActiveCfg = Debug|Any CPU
		{A3DE2BEA-05E6-441C-9428-9EFE334D44B3}.AppStore|iPhone.Build.0 = Debug|Any CPU
		{A3DE2BEA-05E6-441C-9428-9EFE334D44B3}.AppStore|iPhoneSimulator.ActiveCfg = Debug|Any CPU
		{A3DE2BEA-05E6-441C-9428-9EFE334D44B3}.AppStore|iPhoneSimulator.Build.0 = Debug|Any CPU
		{A3DE2BEA-05E6-441C-9428-9EFE334D44B3}.AppStore|x64.ActiveCfg = Debug|Any CPU
		{A3DE2BEA-05E6-441C-9428-9EFE334D44B3}.AppStore|x64.Build.0 = Debug|Any CPU
		{A3DE2BEA-05E6-441C-9428-9EFE334D44B3}.AppStore|x86.ActiveCfg = Debug|Any CPU
		{A3DE2BEA-05E6-441C-9428-9EFE334D44B3}.AppStore|x86.Build.0 = Debug|Any CPU
		{A3DE2BEA-05E6-441C-9428-9EFE334D44B3}.Debug|Any CPU.ActiveCfg = Debug|Any CPU
		{A3DE2BEA-05E6-441C-9428-9EFE334D44B3}.Debug|Any CPU.Build.0 = Debug|Any CPU
		{A3DE2BEA-05E6-441C-9428-9EFE334D44B3}.Debug|ARM.ActiveCfg = Debug|Any CPU
		{A3DE2BEA-05E6-441C-9428-9EFE334D44B3}.Debug|ARM.Build.0 = Debug|Any CPU
		{A3DE2BEA-05E6-441C-9428-9EFE334D44B3}.Debug|iPhone.ActiveCfg = Debug|Any CPU
		{A3DE2BEA-05E6-441C-9428-9EFE334D44B3}.Debug|iPhone.Build.0 = Debug|Any CPU
		{A3DE2BEA-05E6-441C-9428-9EFE334D44B3}.Debug|iPhoneSimulator.ActiveCfg = Debug|Any CPU
		{A3DE2BEA-05E6-441C-9428-9EFE334D44B3}.Debug|iPhoneSimulator.Build.0 = Debug|Any CPU
		{A3DE2BEA-05E6-441C-9428-9EFE334D44B3}.Debug|x64.ActiveCfg = Debug|Any CPU
		{A3DE2BEA-05E6-441C-9428-9EFE334D44B3}.Debug|x64.Build.0 = Debug|Any CPU
		{A3DE2BEA-05E6-441C-9428-9EFE334D44B3}.Debug|x86.ActiveCfg = Debug|Any CPU
		{A3DE2BEA-05E6-441C-9428-9EFE334D44B3}.Debug|x86.Build.0 = Debug|Any CPU
		{A3DE2BEA-05E6-441C-9428-9EFE334D44B3}.Release|Any CPU.ActiveCfg = Release|Any CPU
		{A3DE2BEA-05E6-441C-9428-9EFE334D44B3}.Release|Any CPU.Build.0 = Release|Any CPU
		{A3DE2BEA-05E6-441C-9428-9EFE334D44B3}.Release|ARM.ActiveCfg = Release|Any CPU
		{A3DE2BEA-05E6-441C-9428-9EFE334D44B3}.Release|ARM.Build.0 = Release|Any CPU
		{A3DE2BEA-05E6-441C-9428-9EFE334D44B3}.Release|iPhone.ActiveCfg = Release|Any CPU
		{A3DE2BEA-05E6-441C-9428-9EFE334D44B3}.Release|iPhone.Build.0 = Release|Any CPU
		{A3DE2BEA-05E6-441C-9428-9EFE334D44B3}.Release|iPhoneSimulator.ActiveCfg = Release|Any CPU
		{A3DE2BEA-05E6-441C-9428-9EFE334D44B3}.Release|iPhoneSimulator.Build.0 = Release|Any CPU
		{A3DE2BEA-05E6-441C-9428-9EFE334D44B3}.Release|x64.ActiveCfg = Release|Any CPU
		{A3DE2BEA-05E6-441C-9428-9EFE334D44B3}.Release|x64.Build.0 = Release|Any CPU
		{A3DE2BEA-05E6-441C-9428-9EFE334D44B3}.Release|x86.ActiveCfg = Release|Any CPU
		{A3DE2BEA-05E6-441C-9428-9EFE334D44B3}.Release|x86.Build.0 = Release|Any CPU
		{CB4F4AFF-4115-44CF-B9F1-38203EC63907}.Ad-Hoc|Any CPU.ActiveCfg = Release|Any CPU
		{CB4F4AFF-4115-44CF-B9F1-38203EC63907}.Ad-Hoc|Any CPU.Build.0 = Release|Any CPU
		{CB4F4AFF-4115-44CF-B9F1-38203EC63907}.Ad-Hoc|Any CPU.Deploy.0 = Release|Any CPU
		{CB4F4AFF-4115-44CF-B9F1-38203EC63907}.Ad-Hoc|ARM.ActiveCfg = Release|Any CPU
		{CB4F4AFF-4115-44CF-B9F1-38203EC63907}.Ad-Hoc|ARM.Build.0 = Release|Any CPU
		{CB4F4AFF-4115-44CF-B9F1-38203EC63907}.Ad-Hoc|ARM.Deploy.0 = Release|Any CPU
		{CB4F4AFF-4115-44CF-B9F1-38203EC63907}.Ad-Hoc|iPhone.ActiveCfg = Release|Any CPU
		{CB4F4AFF-4115-44CF-B9F1-38203EC63907}.Ad-Hoc|iPhone.Build.0 = Release|Any CPU
		{CB4F4AFF-4115-44CF-B9F1-38203EC63907}.Ad-Hoc|iPhone.Deploy.0 = Release|Any CPU
		{CB4F4AFF-4115-44CF-B9F1-38203EC63907}.Ad-Hoc|iPhoneSimulator.ActiveCfg = Release|Any CPU
		{CB4F4AFF-4115-44CF-B9F1-38203EC63907}.Ad-Hoc|iPhoneSimulator.Build.0 = Release|Any CPU
		{CB4F4AFF-4115-44CF-B9F1-38203EC63907}.Ad-Hoc|iPhoneSimulator.Deploy.0 = Release|Any CPU
		{CB4F4AFF-4115-44CF-B9F1-38203EC63907}.Ad-Hoc|x64.ActiveCfg = Release|Any CPU
		{CB4F4AFF-4115-44CF-B9F1-38203EC63907}.Ad-Hoc|x64.Build.0 = Release|Any CPU
		{CB4F4AFF-4115-44CF-B9F1-38203EC63907}.Ad-Hoc|x64.Deploy.0 = Release|Any CPU
		{CB4F4AFF-4115-44CF-B9F1-38203EC63907}.Ad-Hoc|x86.ActiveCfg = Release|Any CPU
		{CB4F4AFF-4115-44CF-B9F1-38203EC63907}.Ad-Hoc|x86.Build.0 = Release|Any CPU
		{CB4F4AFF-4115-44CF-B9F1-38203EC63907}.Ad-Hoc|x86.Deploy.0 = Release|Any CPU
		{CB4F4AFF-4115-44CF-B9F1-38203EC63907}.AppStore|Any CPU.ActiveCfg = Release|Any CPU
		{CB4F4AFF-4115-44CF-B9F1-38203EC63907}.AppStore|Any CPU.Build.0 = Release|Any CPU
		{CB4F4AFF-4115-44CF-B9F1-38203EC63907}.AppStore|Any CPU.Deploy.0 = Release|Any CPU
		{CB4F4AFF-4115-44CF-B9F1-38203EC63907}.AppStore|ARM.ActiveCfg = Release|Any CPU
		{CB4F4AFF-4115-44CF-B9F1-38203EC63907}.AppStore|ARM.Build.0 = Release|Any CPU
		{CB4F4AFF-4115-44CF-B9F1-38203EC63907}.AppStore|ARM.Deploy.0 = Release|Any CPU
		{CB4F4AFF-4115-44CF-B9F1-38203EC63907}.AppStore|iPhone.ActiveCfg = Release|Any CPU
		{CB4F4AFF-4115-44CF-B9F1-38203EC63907}.AppStore|iPhone.Build.0 = Release|Any CPU
		{CB4F4AFF-4115-44CF-B9F1-38203EC63907}.AppStore|iPhone.Deploy.0 = Release|Any CPU
		{CB4F4AFF-4115-44CF-B9F1-38203EC63907}.AppStore|iPhoneSimulator.ActiveCfg = Release|Any CPU
		{CB4F4AFF-4115-44CF-B9F1-38203EC63907}.AppStore|iPhoneSimulator.Build.0 = Release|Any CPU
		{CB4F4AFF-4115-44CF-B9F1-38203EC63907}.AppStore|iPhoneSimulator.Deploy.0 = Release|Any CPU
		{CB4F4AFF-4115-44CF-B9F1-38203EC63907}.AppStore|x64.ActiveCfg = Release|Any CPU
		{CB4F4AFF-4115-44CF-B9F1-38203EC63907}.AppStore|x64.Build.0 = Release|Any CPU
		{CB4F4AFF-4115-44CF-B9F1-38203EC63907}.AppStore|x64.Deploy.0 = Release|Any CPU
		{CB4F4AFF-4115-44CF-B9F1-38203EC63907}.AppStore|x86.ActiveCfg = Release|Any CPU
		{CB4F4AFF-4115-44CF-B9F1-38203EC63907}.AppStore|x86.Build.0 = Release|Any CPU
		{CB4F4AFF-4115-44CF-B9F1-38203EC63907}.AppStore|x86.Deploy.0 = Release|Any CPU
		{CB4F4AFF-4115-44CF-B9F1-38203EC63907}.Debug|Any CPU.ActiveCfg = Debug|Any CPU
		{CB4F4AFF-4115-44CF-B9F1-38203EC63907}.Debug|Any CPU.Build.0 = Debug|Any CPU
		{CB4F4AFF-4115-44CF-B9F1-38203EC63907}.Debug|Any CPU.Deploy.0 = Debug|Any CPU
		{CB4F4AFF-4115-44CF-B9F1-38203EC63907}.Debug|ARM.ActiveCfg = Debug|Any CPU
		{CB4F4AFF-4115-44CF-B9F1-38203EC63907}.Debug|ARM.Build.0 = Debug|Any CPU
		{CB4F4AFF-4115-44CF-B9F1-38203EC63907}.Debug|ARM.Deploy.0 = Debug|Any CPU
		{CB4F4AFF-4115-44CF-B9F1-38203EC63907}.Debug|iPhone.ActiveCfg = Debug|Any CPU
		{CB4F4AFF-4115-44CF-B9F1-38203EC63907}.Debug|iPhone.Build.0 = Debug|Any CPU
		{CB4F4AFF-4115-44CF-B9F1-38203EC63907}.Debug|iPhone.Deploy.0 = Debug|Any CPU
		{CB4F4AFF-4115-44CF-B9F1-38203EC63907}.Debug|iPhoneSimulator.ActiveCfg = Debug|Any CPU
		{CB4F4AFF-4115-44CF-B9F1-38203EC63907}.Debug|iPhoneSimulator.Build.0 = Debug|Any CPU
		{CB4F4AFF-4115-44CF-B9F1-38203EC63907}.Debug|iPhoneSimulator.Deploy.0 = Debug|Any CPU
		{CB4F4AFF-4115-44CF-B9F1-38203EC63907}.Debug|x64.ActiveCfg = Debug|Any CPU
		{CB4F4AFF-4115-44CF-B9F1-38203EC63907}.Debug|x64.Build.0 = Debug|Any CPU
		{CB4F4AFF-4115-44CF-B9F1-38203EC63907}.Debug|x64.Deploy.0 = Debug|Any CPU
		{CB4F4AFF-4115-44CF-B9F1-38203EC63907}.Debug|x86.ActiveCfg = Debug|Any CPU
		{CB4F4AFF-4115-44CF-B9F1-38203EC63907}.Debug|x86.Build.0 = Debug|Any CPU
		{CB4F4AFF-4115-44CF-B9F1-38203EC63907}.Debug|x86.Deploy.0 = Debug|Any CPU
		{CB4F4AFF-4115-44CF-B9F1-38203EC63907}.Release|Any CPU.ActiveCfg = Release|Any CPU
		{CB4F4AFF-4115-44CF-B9F1-38203EC63907}.Release|Any CPU.Build.0 = Release|Any CPU
		{CB4F4AFF-4115-44CF-B9F1-38203EC63907}.Release|Any CPU.Deploy.0 = Release|Any CPU
		{CB4F4AFF-4115-44CF-B9F1-38203EC63907}.Release|ARM.ActiveCfg = Release|Any CPU
		{CB4F4AFF-4115-44CF-B9F1-38203EC63907}.Release|ARM.Build.0 = Release|Any CPU
		{CB4F4AFF-4115-44CF-B9F1-38203EC63907}.Release|ARM.Deploy.0 = Release|Any CPU
		{CB4F4AFF-4115-44CF-B9F1-38203EC63907}.Release|iPhone.ActiveCfg = Release|Any CPU
		{CB4F4AFF-4115-44CF-B9F1-38203EC63907}.Release|iPhone.Build.0 = Release|Any CPU
		{CB4F4AFF-4115-44CF-B9F1-38203EC63907}.Release|iPhone.Deploy.0 = Release|Any CPU
		{CB4F4AFF-4115-44CF-B9F1-38203EC63907}.Release|iPhoneSimulator.ActiveCfg = Release|Any CPU
		{CB4F4AFF-4115-44CF-B9F1-38203EC63907}.Release|iPhoneSimulator.Build.0 = Release|Any CPU
		{CB4F4AFF-4115-44CF-B9F1-38203EC63907}.Release|iPhoneSimulator.Deploy.0 = Release|Any CPU
		{CB4F4AFF-4115-44CF-B9F1-38203EC63907}.Release|x64.ActiveCfg = Release|Any CPU
		{CB4F4AFF-4115-44CF-B9F1-38203EC63907}.Release|x64.Build.0 = Release|Any CPU
		{CB4F4AFF-4115-44CF-B9F1-38203EC63907}.Release|x64.Deploy.0 = Release|Any CPU
		{CB4F4AFF-4115-44CF-B9F1-38203EC63907}.Release|x86.ActiveCfg = Release|Any CPU
		{CB4F4AFF-4115-44CF-B9F1-38203EC63907}.Release|x86.Build.0 = Release|Any CPU
		{CB4F4AFF-4115-44CF-B9F1-38203EC63907}.Release|x86.Deploy.0 = Release|Any CPU
		{DE096F30-7C0E-4158-BCDE-34CD99DAA031}.Ad-Hoc|Any CPU.ActiveCfg = Ad-Hoc|iPhone
		{DE096F30-7C0E-4158-BCDE-34CD99DAA031}.Ad-Hoc|ARM.ActiveCfg = Ad-Hoc|iPhone
		{DE096F30-7C0E-4158-BCDE-34CD99DAA031}.Ad-Hoc|iPhone.ActiveCfg = Ad-Hoc|iPhone
		{DE096F30-7C0E-4158-BCDE-34CD99DAA031}.Ad-Hoc|iPhone.Build.0 = Ad-Hoc|iPhone
		{DE096F30-7C0E-4158-BCDE-34CD99DAA031}.Ad-Hoc|iPhoneSimulator.ActiveCfg = Ad-Hoc|iPhoneSimulator
		{DE096F30-7C0E-4158-BCDE-34CD99DAA031}.Ad-Hoc|iPhoneSimulator.Build.0 = Ad-Hoc|iPhoneSimulator
		{DE096F30-7C0E-4158-BCDE-34CD99DAA031}.Ad-Hoc|x64.ActiveCfg = Ad-Hoc|iPhone
		{DE096F30-7C0E-4158-BCDE-34CD99DAA031}.Ad-Hoc|x86.ActiveCfg = Ad-Hoc|iPhone
		{DE096F30-7C0E-4158-BCDE-34CD99DAA031}.AppStore|Any CPU.ActiveCfg = AppStore|iPhone
		{DE096F30-7C0E-4158-BCDE-34CD99DAA031}.AppStore|ARM.ActiveCfg = AppStore|iPhone
		{DE096F30-7C0E-4158-BCDE-34CD99DAA031}.AppStore|iPhone.ActiveCfg = AppStore|iPhone
		{DE096F30-7C0E-4158-BCDE-34CD99DAA031}.AppStore|iPhone.Build.0 = AppStore|iPhone
		{DE096F30-7C0E-4158-BCDE-34CD99DAA031}.AppStore|iPhoneSimulator.ActiveCfg = AppStore|iPhoneSimulator
		{DE096F30-7C0E-4158-BCDE-34CD99DAA031}.AppStore|iPhoneSimulator.Build.0 = AppStore|iPhoneSimulator
		{DE096F30-7C0E-4158-BCDE-34CD99DAA031}.AppStore|x64.ActiveCfg = AppStore|iPhone
		{DE096F30-7C0E-4158-BCDE-34CD99DAA031}.AppStore|x86.ActiveCfg = AppStore|iPhone
		{DE096F30-7C0E-4158-BCDE-34CD99DAA031}.Debug|Any CPU.ActiveCfg = Debug|iPhone
		{DE096F30-7C0E-4158-BCDE-34CD99DAA031}.Debug|ARM.ActiveCfg = Debug|iPhone
		{DE096F30-7C0E-4158-BCDE-34CD99DAA031}.Debug|iPhone.ActiveCfg = Debug|iPhone
		{DE096F30-7C0E-4158-BCDE-34CD99DAA031}.Debug|iPhone.Build.0 = Debug|iPhone
		{DE096F30-7C0E-4158-BCDE-34CD99DAA031}.Debug|iPhoneSimulator.ActiveCfg = Debug|iPhoneSimulator
		{DE096F30-7C0E-4158-BCDE-34CD99DAA031}.Debug|iPhoneSimulator.Build.0 = Debug|iPhoneSimulator
		{DE096F30-7C0E-4158-BCDE-34CD99DAA031}.Debug|x64.ActiveCfg = Debug|iPhone
		{DE096F30-7C0E-4158-BCDE-34CD99DAA031}.Debug|x86.ActiveCfg = Debug|iPhone
		{DE096F30-7C0E-4158-BCDE-34CD99DAA031}.Release|Any CPU.ActiveCfg = Release|iPhone
		{DE096F30-7C0E-4158-BCDE-34CD99DAA031}.Release|ARM.ActiveCfg = Release|iPhone
		{DE096F30-7C0E-4158-BCDE-34CD99DAA031}.Release|iPhone.ActiveCfg = Release|iPhone
		{DE096F30-7C0E-4158-BCDE-34CD99DAA031}.Release|iPhone.Build.0 = Release|iPhone
		{DE096F30-7C0E-4158-BCDE-34CD99DAA031}.Release|iPhoneSimulator.ActiveCfg = Release|iPhoneSimulator
		{DE096F30-7C0E-4158-BCDE-34CD99DAA031}.Release|iPhoneSimulator.Build.0 = Release|iPhoneSimulator
		{DE096F30-7C0E-4158-BCDE-34CD99DAA031}.Release|x64.ActiveCfg = Release|iPhone
		{DE096F30-7C0E-4158-BCDE-34CD99DAA031}.Release|x86.ActiveCfg = Release|iPhone
		{14A0D8B2-1459-4D93-9039-641484F8D459}.Ad-Hoc|Any CPU.ActiveCfg = Release|x86
		{14A0D8B2-1459-4D93-9039-641484F8D459}.Ad-Hoc|Any CPU.Build.0 = Release|x86
		{14A0D8B2-1459-4D93-9039-641484F8D459}.Ad-Hoc|Any CPU.Deploy.0 = Release|x86
		{14A0D8B2-1459-4D93-9039-641484F8D459}.Ad-Hoc|ARM.ActiveCfg = Release|ARM
		{14A0D8B2-1459-4D93-9039-641484F8D459}.Ad-Hoc|ARM.Build.0 = Release|ARM
		{14A0D8B2-1459-4D93-9039-641484F8D459}.Ad-Hoc|ARM.Deploy.0 = Release|ARM
		{14A0D8B2-1459-4D93-9039-641484F8D459}.Ad-Hoc|iPhone.ActiveCfg = Release|x86
		{14A0D8B2-1459-4D93-9039-641484F8D459}.Ad-Hoc|iPhone.Build.0 = Release|x86
		{14A0D8B2-1459-4D93-9039-641484F8D459}.Ad-Hoc|iPhone.Deploy.0 = Release|x86
		{14A0D8B2-1459-4D93-9039-641484F8D459}.Ad-Hoc|iPhoneSimulator.ActiveCfg = Release|x86
		{14A0D8B2-1459-4D93-9039-641484F8D459}.Ad-Hoc|iPhoneSimulator.Build.0 = Release|x86
		{14A0D8B2-1459-4D93-9039-641484F8D459}.Ad-Hoc|iPhoneSimulator.Deploy.0 = Release|x86
		{14A0D8B2-1459-4D93-9039-641484F8D459}.Ad-Hoc|x64.ActiveCfg = Release|x64
		{14A0D8B2-1459-4D93-9039-641484F8D459}.Ad-Hoc|x64.Build.0 = Release|x64
		{14A0D8B2-1459-4D93-9039-641484F8D459}.Ad-Hoc|x64.Deploy.0 = Release|x64
		{14A0D8B2-1459-4D93-9039-641484F8D459}.Ad-Hoc|x86.ActiveCfg = Release|x86
		{14A0D8B2-1459-4D93-9039-641484F8D459}.Ad-Hoc|x86.Build.0 = Release|x86
		{14A0D8B2-1459-4D93-9039-641484F8D459}.Ad-Hoc|x86.Deploy.0 = Release|x86
		{14A0D8B2-1459-4D93-9039-641484F8D459}.AppStore|Any CPU.ActiveCfg = Release|x86
		{14A0D8B2-1459-4D93-9039-641484F8D459}.AppStore|Any CPU.Build.0 = Release|x86
		{14A0D8B2-1459-4D93-9039-641484F8D459}.AppStore|Any CPU.Deploy.0 = Release|x86
		{14A0D8B2-1459-4D93-9039-641484F8D459}.AppStore|ARM.ActiveCfg = Release|ARM
		{14A0D8B2-1459-4D93-9039-641484F8D459}.AppStore|ARM.Build.0 = Release|ARM
		{14A0D8B2-1459-4D93-9039-641484F8D459}.AppStore|ARM.Deploy.0 = Release|ARM
		{14A0D8B2-1459-4D93-9039-641484F8D459}.AppStore|iPhone.ActiveCfg = Release|x86
		{14A0D8B2-1459-4D93-9039-641484F8D459}.AppStore|iPhone.Build.0 = Release|x86
		{14A0D8B2-1459-4D93-9039-641484F8D459}.AppStore|iPhone.Deploy.0 = Release|x86
		{14A0D8B2-1459-4D93-9039-641484F8D459}.AppStore|iPhoneSimulator.ActiveCfg = Release|x86
		{14A0D8B2-1459-4D93-9039-641484F8D459}.AppStore|iPhoneSimulator.Build.0 = Release|x86
		{14A0D8B2-1459-4D93-9039-641484F8D459}.AppStore|iPhoneSimulator.Deploy.0 = Release|x86
		{14A0D8B2-1459-4D93-9039-641484F8D459}.AppStore|x64.ActiveCfg = Release|x64
		{14A0D8B2-1459-4D93-9039-641484F8D459}.AppStore|x64.Build.0 = Release|x64
		{14A0D8B2-1459-4D93-9039-641484F8D459}.AppStore|x64.Deploy.0 = Release|x64
		{14A0D8B2-1459-4D93-9039-641484F8D459}.AppStore|x86.ActiveCfg = Release|x86
		{14A0D8B2-1459-4D93-9039-641484F8D459}.AppStore|x86.Build.0 = Release|x86
		{14A0D8B2-1459-4D93-9039-641484F8D459}.AppStore|x86.Deploy.0 = Release|x86
		{14A0D8B2-1459-4D93-9039-641484F8D459}.Debug|Any CPU.ActiveCfg = Debug|x86
		{14A0D8B2-1459-4D93-9039-641484F8D459}.Debug|ARM.ActiveCfg = Debug|ARM
		{14A0D8B2-1459-4D93-9039-641484F8D459}.Debug|ARM.Build.0 = Debug|ARM
		{14A0D8B2-1459-4D93-9039-641484F8D459}.Debug|ARM.Deploy.0 = Debug|ARM
		{14A0D8B2-1459-4D93-9039-641484F8D459}.Debug|iPhone.ActiveCfg = Debug|x86
		{14A0D8B2-1459-4D93-9039-641484F8D459}.Debug|iPhoneSimulator.ActiveCfg = Debug|x86
		{14A0D8B2-1459-4D93-9039-641484F8D459}.Debug|x64.ActiveCfg = Debug|x64
		{14A0D8B2-1459-4D93-9039-641484F8D459}.Debug|x64.Build.0 = Debug|x64
		{14A0D8B2-1459-4D93-9039-641484F8D459}.Debug|x64.Deploy.0 = Debug|x64
		{14A0D8B2-1459-4D93-9039-641484F8D459}.Debug|x86.ActiveCfg = Debug|x86
		{14A0D8B2-1459-4D93-9039-641484F8D459}.Debug|x86.Build.0 = Debug|x86
		{14A0D8B2-1459-4D93-9039-641484F8D459}.Debug|x86.Deploy.0 = Debug|x86
		{14A0D8B2-1459-4D93-9039-641484F8D459}.Release|Any CPU.ActiveCfg = Release|x86
		{14A0D8B2-1459-4D93-9039-641484F8D459}.Release|ARM.ActiveCfg = Release|ARM
		{14A0D8B2-1459-4D93-9039-641484F8D459}.Release|ARM.Build.0 = Release|ARM
		{14A0D8B2-1459-4D93-9039-641484F8D459}.Release|ARM.Deploy.0 = Release|ARM
		{14A0D8B2-1459-4D93-9039-641484F8D459}.Release|iPhone.ActiveCfg = Release|x86
		{14A0D8B2-1459-4D93-9039-641484F8D459}.Release|iPhoneSimulator.ActiveCfg = Release|x86
		{14A0D8B2-1459-4D93-9039-641484F8D459}.Release|x64.ActiveCfg = Release|x64
		{14A0D8B2-1459-4D93-9039-641484F8D459}.Release|x64.Build.0 = Release|x64
		{14A0D8B2-1459-4D93-9039-641484F8D459}.Release|x64.Deploy.0 = Release|x64
		{14A0D8B2-1459-4D93-9039-641484F8D459}.Release|x86.ActiveCfg = Release|x86
		{14A0D8B2-1459-4D93-9039-641484F8D459}.Release|x86.Build.0 = Release|x86
		{14A0D8B2-1459-4D93-9039-641484F8D459}.Release|x86.Deploy.0 = Release|x86
	EndGlobalSection
	GlobalSection(SolutionProperties) = preSolution
		HideSolutionNode = FALSE
	EndGlobalSection
	GlobalSection(ExtensibilityGlobals) = postSolution
		SolutionGuid = {4BE4A1DA-686D-4C54-B1F5-6BBCF2AD2408}
	EndGlobalSection
EndGlobal
